
Microsoft Visual Studio Solution File, Format Version 12.00
# Visual Studio 15
VisualStudioVersion = 15.0.26730.16
MinimumVisualStudioVersion = 10.0.40219.1
Project("{FAE04EC0-301F-11D3-BF4B-00C04F79EFBC}") = "JwtAuthentication", "JwtAuthentication\JwtAuthentication.csproj", "{8820FD45-36A7-4B55-9C52-1E70F2EF069A}"
EndProject
Global
	GlobalSection(SolutionConfigurationPlatforms) = preSolution
		Debug|Any CPU = Debug|Any CPU
		Release|Any CPU = Release|Any CPU
	EndGlobalSection
	GlobalSection(ProjectConfigurationPlatforms) = postSolution
		{8820FD45-36A7-4B55-9C52-1E70F2EF069A}.Debug|Any CPU.ActiveCfg = Debug|Any CPU
		{8820FD45-36A7-4B55-9C52-1E70F2EF069A}.Debug|Any CPU.Build.0 = Debug|Any CPU
		{8820FD45-36A7-4B55-9C52-1E70F2EF069A}.Release|Any CPU.ActiveCfg = Release|Any CPU
		{8820FD45-36A7-4B55-9C52-1E70F2EF069A}.Release|Any CPU.Build.0 = Release|Any CPU
	EndGlobalSection
	GlobalSection(SolutionProperties) = preSolution
		HideSolutionNode = FALSE
	EndGlobalSection
	GlobalSection(ExtensibilityGlobals) = postSolution
		SolutionGuid = {A820D971-2FDC-47E8-839C-B6F4C0C403A6}
	EndGlobalSection
EndGlobal
